
Microsoft Visual Studio Solution File, Format Version 12.00
# Visual Studio Version 17
VisualStudioVersion = 17.3.32804.467
MinimumVisualStudioVersion = 10.0.40219.1
Project("{8BC9CEB8-8B4A-11D0-8D11-00A0C91BC942}") = "Annuary", "Annuary.vcxproj", "{29432ABC-52ED-4837-93FE-17EC018C0703}"
EndProject
Global
	GlobalSection(SolutionConfigurationPlatforms) = preSolution
		Debug|x64 = Debug|x64
		Debug|x86 = Debug|x86
		Release|x64 = Release|x64
		Release|x86 = Release|x86
	EndGlobalSection
	GlobalSection(ProjectConfigurationPlatforms) = postSolution
		{29432ABC-52ED-4837-93FE-17EC018C0703}.Debug|x64.ActiveCfg = Debug|x64
		{29432ABC-52ED-4837-93FE-17EC018C0703}.Debug|x64.Build.0 = Debug|x64
		{29432ABC-52ED-4837-93FE-17EC018C0703}.Debug|x86.ActiveCfg = Debug|Win32
		{29432ABC-52ED-4837-93FE-17EC018C0703}.Debug|x86.Build.0 = Debug|Win32
		{29432ABC-52ED-4837-93FE-17EC018C0703}.Release|x64.ActiveCfg = Release|x64
		{29432ABC-52ED-4837-93FE-17EC018C0703}.Release|x64.Build.0 = Release|x64
		{29432ABC-52ED-4837-93FE-17EC018C0703}.Release|x86.ActiveCfg = Release|Win32
		{29432ABC-52ED-4837-93FE-17EC018C0703}.Release|x86.Build.0 = Release|Win32
	EndGlobalSection
	GlobalSection(SolutionProperties) = preSolution
		HideSolutionNode = FALSE
	EndGlobalSection
	GlobalSection(ExtensibilityGlobals) = postSolution
		SolutionGuid = {5FD0678B-6F56-46F3-8332-363346BCCB98}
	EndGlobalSection
EndGlobal
